
Microsoft Visual Studio Solution File, Format Version 12.00
# Visual Studio Version 17
VisualStudioVersion = 17.4.33502.350
MinimumVisualStudioVersion = 10.0.40219.1
Project("{9A19103F-16F7-4668-BE54-9A1E7A4F7556}") = "DBHelper", "DBHelper\DBHelper.csproj", "{1B75AC7A-7F6D-4CD1-908F-7004B0BF2B88}"
EndProject
Project("{9A19103F-16F7-4668-BE54-9A1E7A4F7556}") = "GetSettings", "GetSettings\src\GetSettings\GetSettings.csproj", "{2A72CA9A-42B6-492D-9AE2-FFF186EB461A}"
EndProject
Project("{9A19103F-16F7-4668-BE54-9A1E7A4F7556}") = "CreateSetting", "CreateSetting\src\CreateSetting\CreateSetting.csproj", "{177DB80E-D1F6-480D-9CC7-770BCE56AD7D}"
EndProject
Project("{FAE04EC0-301F-11D3-BF4B-00C04F79EFBC}") = "DeleteSetting", "DeleteSetting\src\DeleteSetting\DeleteSetting.csproj", "{415E684C-E7D3-4AC7-BE0D-287CF56490BC}"
EndProject
Project("{FAE04EC0-301F-11D3-BF4B-00C04F79EFBC}") = "UpdateSetting", "UpdateSetting\src\UpdateSetting\UpdateSetting.csproj", "{BA9A7A24-F8F8-4249-B0B7-9017B4F49E0B}"
EndProject
Global
	GlobalSection(SolutionConfigurationPlatforms) = preSolution
		Debug|Any CPU = Debug|Any CPU
		Release|Any CPU = Release|Any CPU
	EndGlobalSection
	GlobalSection(ProjectConfigurationPlatforms) = postSolution
		{1B75AC7A-7F6D-4CD1-908F-7004B0BF2B88}.Debug|Any CPU.ActiveCfg = Debug|Any CPU
		{1B75AC7A-7F6D-4CD1-908F-7004B0BF2B88}.Debug|Any CPU.Build.0 = Debug|Any CPU
		{1B75AC7A-7F6D-4CD1-908F-7004B0BF2B88}.Release|Any CPU.ActiveCfg = Release|Any CPU
		{1B75AC7A-7F6D-4CD1-908F-7004B0BF2B88}.Release|Any CPU.Build.0 = Release|Any CPU
		{2A72CA9A-42B6-492D-9AE2-FFF186EB461A}.Debug|Any CPU.ActiveCfg = Debug|Any CPU
		{2A72CA9A-42B6-492D-9AE2-FFF186EB461A}.Debug|Any CPU.Build.0 = Debug|Any CPU
		{2A72CA9A-42B6-492D-9AE2-FFF186EB461A}.Release|Any CPU.ActiveCfg = Release|Any CPU
		{2A72CA9A-42B6-492D-9AE2-FFF186EB461A}.Release|Any CPU.Build.0 = Release|Any CPU
		{177DB80E-D1F6-480D-9CC7-770BCE56AD7D}.Debug|Any CPU.ActiveCfg = Debug|Any CPU
		{177DB80E-D1F6-480D-9CC7-770BCE56AD7D}.Debug|Any CPU.Build.0 = Debug|Any CPU
		{177DB80E-D1F6-480D-9CC7-770BCE56AD7D}.Release|Any CPU.ActiveCfg = Release|Any CPU
		{177DB80E-D1F6-480D-9CC7-770BCE56AD7D}.Release|Any CPU.Build.0 = Release|Any CPU
		{415E684C-E7D3-4AC7-BE0D-287CF56490BC}.Debug|Any CPU.ActiveCfg = Debug|Any CPU
		{415E684C-E7D3-4AC7-BE0D-287CF56490BC}.Debug|Any CPU.Build.0 = Debug|Any CPU
		{415E684C-E7D3-4AC7-BE0D-287CF56490BC}.Release|Any CPU.ActiveCfg = Release|Any CPU
		{415E684C-E7D3-4AC7-BE0D-287CF56490BC}.Release|Any CPU.Build.0 = Release|Any CPU
		{BA9A7A24-F8F8-4249-B0B7-9017B4F49E0B}.Debug|Any CPU.ActiveCfg = Debug|Any CPU
		{BA9A7A24-F8F8-4249-B0B7-9017B4F49E0B}.Debug|Any CPU.Build.0 = Debug|Any CPU
		{BA9A7A24-F8F8-4249-B0B7-9017B4F49E0B}.Release|Any CPU.ActiveCfg = Release|Any CPU
		{BA9A7A24-F8F8-4249-B0B7-9017B4F49E0B}.Release|Any CPU.Build.0 = Release|Any CPU
	EndGlobalSection
	GlobalSection(SolutionProperties) = preSolution
		HideSolutionNode = FALSE
	EndGlobalSection
	GlobalSection(ExtensibilityGlobals) = postSolution
		SolutionGuid = {E05CDE3C-1A9E-4534-AA82-387F8F15E36E}
	EndGlobalSection
EndGlobal
